// !$*UTF8*$!
{
	archiveVersion = 1;
	classes = {
	};
	objectVersion = 50;
	objects = {

/* Begin PBXBuildFile section */
		864ED24B25CF04A20099FFF7 /* AppDelegate.swift in Sources */ = {isa = PBXBuildFile; fileRef = 864ED24A25CF04A20099FFF7 /* AppDelegate.swift */; };
		864ED24D25CF04A20099FFF7 /* SceneDelegate.swift in Sources */ = {isa = PBXBuildFile; fileRef = 864ED24C25CF04A20099FFF7 /* SceneDelegate.swift */; };
		864ED24F25CF04A20099FFF7 /* MainViewController.swift in Sources */ = {isa = PBXBuildFile; fileRef = 864ED24E25CF04A20099FFF7 /* MainViewController.swift */; };
		864ED25225CF04A20099FFF7 /* Main.storyboard in Resources */ = {isa = PBXBuildFile; fileRef = 864ED25025CF04A20099FFF7 /* Main.storyboard */; };
		864ED25425CF04A30099FFF7 /* Assets.xcassets in Resources */ = {isa = PBXBuildFile; fileRef = 864ED25325CF04A30099FFF7 /* Assets.xcassets */; };
		864ED25725CF04A30099FFF7 /* LaunchScreen.storyboard in Resources */ = {isa = PBXBuildFile; fileRef = 864ED25525CF04A30099FFF7 /* LaunchScreen.storyboard */; };
		864ED26325CF1D170099FFF7 /* ColorSamples.swift in Sources */ = {isa = PBXBuildFile; fileRef = 864ED26225CF1D170099FFF7 /* ColorSamples.swift */; };
		86F5426325D1E169001B9AAB /* TryNumberViewController.swift in Sources */ = {isa = PBXBuildFile; fileRef = 86F5426225D1E169001B9AAB /* TryNumberViewController.swift */; };
		86F5426625D1E585001B9AAB /* ResultViewController.swift in Sources */ = {isa = PBXBuildFile; fileRef = 86F5426525D1E585001B9AAB /* ResultViewController.swift */; };
/* End PBXBuildFile section */

/* Begin PBXFileReference section */
		864ED24725CF04A20099FFF7 /* GTNCodeOnly.app */ = {isa = PBXFileReference; explicitFileType = wrapper.application; includeInIndex = 0; path = GTNCodeOnly.app; sourceTree = BUILT_PRODUCTS_DIR; };
		864ED24A25CF04A20099FFF7 /* AppDelegate.swift */ = {isa = PBXFileReference; lastKnownFileType = sourcecode.swift; path = AppDelegate.swift; sourceTree = "<group>"; };
		864ED24C25CF04A20099FFF7 /* SceneDelegate.swift */ = {isa = PBXFileReference; lastKnownFileType = sourcecode.swift; path = SceneDelegate.swift; sourceTree = "<group>"; };
		864ED24E25CF04A20099FFF7 /* MainViewController.swift */ = {isa = PBXFileReference; lastKnownFileType = sourcecode.swift; path = MainViewController.swift; sourceTree = "<group>"; };
		864ED25125CF04A20099FFF7 /* Base */ = {isa = PBXFileReference; lastKnownFileType = file.storyboard; name = Base; path = Base.lproj/Main.storyboard; sourceTree = "<group>"; };
		864ED25325CF04A30099FFF7 /* Assets.xcassets */ = {isa = PBXFileReference; lastKnownFileType = folder.assetcatalog; path = Assets.xcassets; sourceTree = "<group>"; };
		864ED25625CF04A30099FFF7 /* Base */ = {isa = PBXFileReference; lastKnownFileType = file.storyboard; name = Base; path = Base.lproj/LaunchScreen.storyboard; sourceTree = "<group>"; };
		864ED25825CF04A30099FFF7 /* Info.plist */ = {isa = PBXFileReference; lastKnownFileType = text.plist.xml; path = Info.plist; sourceTree = "<group>"; };
		864ED26225CF1D170099FFF7 /* ColorSamples.swift */ = {isa = PBXFileReference; lastKnownFileType = sourcecode.swift; path = ColorSamples.swift; sourceTree = "<group>"; };
		86F5426225D1E169001B9AAB /* TryNumberViewController.swift */ = {isa = PBXFileReference; lastKnownFileType = sourcecode.swift; path = TryNumberViewController.swift; sourceTree = "<group>"; };
		86F5426525D1E585001B9AAB /* ResultViewController.swift */ = {isa = PBXFileReference; lastKnownFileType = sourcecode.swift; path = ResultViewController.swift; sourceTree = "<group>"; };
/* End PBXFileReference section */

/* Begin PBXFrameworksBuildPhase section */
		864ED24425CF04A20099FFF7 /* Frameworks */ = {
			isa = PBXFrameworksBuildPhase;
			buildActionMask = 2147483647;
			files = (
			);
			runOnlyForDeploymentPostprocessing = 0;
		};
/* End PBXFrameworksBuildPhase section */

/* Begin PBXGroup section */
		864ED23E25CF04A20099FFF7 = {
			isa = PBXGroup;
			children = (
				864ED24925CF04A20099FFF7 /* GTNCodeOnly */,
				864ED24825CF04A20099FFF7 /* Products */,
			);
			sourceTree = "<group>";
		};
		864ED24825CF04A20099FFF7 /* Products */ = {
			isa = PBXGroup;
			children = (
				864ED24725CF04A20099FFF7 /* GTNCodeOnly.app */,
			);
			name = Products;
			sourceTree = "<group>";
		};
		864ED24925CF04A20099FFF7 /* GTNCodeOnly */ = {
			isa = PBXGroup;
			children = (
				864ED26125CF1CF90099FFF7 /* Utilities */,
				864ED26025CF1CDC0099FFF7 /* ViewControlles */,
				864ED24A25CF04A20099FFF7 /* AppDelegate.swift */,
				864ED24C25CF04A20099FFF7 /* SceneDelegate.swift */,
				864ED25025CF04A20099FFF7 /* Main.storyboard */,
				864ED25325CF04A30099FFF7 /* Assets.xcassets */,
				864ED25525CF04A30099FFF7 /* LaunchScreen.storyboard */,
				864ED25825CF04A30099FFF7 /* Info.plist */,
			);
			path = GTNCodeOnly;
			sourceTree = "<group>";
		};
		864ED26025CF1CDC0099FFF7 /* ViewControlles */ = {
			isa = PBXGroup;
			children = (
				864ED24E25CF04A20099FFF7 /* MainViewController.swift */,
				86F5426225D1E169001B9AAB /* TryNumberViewController.swift */,
				86F5426525D1E585001B9AAB /* ResultViewController.swift */,
			);
			path = ViewControlles;
			sourceTree = "<group>";
		};
		864ED26125CF1CF90099FFF7 /* Utilities */ = {
			isa = PBXGroup;
			children = (
				864ED26225CF1D170099FFF7 /* ColorSamples.swift */,
			);
			path = Utilities;
			sourceTree = "<group>";
		};
/* End PBXGroup section */

/* Begin PBXNativeTarget section */
		864ED24625CF04A20099FFF7 /* GTNCodeOnly */ = {
			isa = PBXNativeTarget;
			buildConfigurationList = 864ED25B25CF04A30099FFF7 /* Build configuration list for PBXNativeTarget "GTNCodeOnly" */;
			buildPhases = (
				864ED24325CF04A20099FFF7 /* Sources */,
				864ED24425CF04A20099FFF7 /* Frameworks */,
				864ED24525CF04A20099FFF7 /* Resources */,
			);
			buildRules = (
			);
			dependencies = (
			);
			name = GTNCodeOnly;
			productName = GTNCodeOnly;
			productReference = 864ED24725CF04A20099FFF7 /* GTNCodeOnly.app */;
			productType = "com.apple.product-type.application";
		};
/* End PBXNativeTarget section */

/* Begin PBXProject section */
		864ED23F25CF04A20099FFF7 /* Project object */ = {
			isa = PBXProject;
			attributes = {
				LastSwiftUpdateCheck = 1210;
				LastUpgradeCheck = 1210;
				TargetAttributes = {
					864ED24625CF04A20099FFF7 = {
						CreatedOnToolsVersion = 12.1;
					};
				};
			};
			buildConfigurationList = 864ED24225CF04A20099FFF7 /* Build configuration list for PBXProject "GTNCodeOnly" */;
			compatibilityVersion = "Xcode 9.3";
			developmentRegion = en;
			hasScannedForEncodings = 0;
			knownRegions = (
				en,
				Base,
			);
			mainGroup = 864ED23E25CF04A20099FFF7;
			productRefGroup = 864ED24825CF04A20099FFF7 /* Products */;
			projectDirPath = "";
			projectRoot = "";
			targets = (
				864ED24625CF04A20099FFF7 /* GTNCodeOnly */,
			);
		};
/* End PBXProject section */

/* Begin PBXResourcesBuildPhase section */
		864ED24525CF04A20099FFF7 /* Resources */ = {
			isa = PBXResourcesBuildPhase;
			buildActionMask = 2147483647;
			files = (
				864ED25725CF04A30099FFF7 /* LaunchScreen.storyboard in Resources */,
				864ED25425CF04A30099FFF7 /* Assets.xcassets in Resources */,
				864ED25225CF04A20099FFF7 /* Main.storyboard in Resources */,
			);
			runOnlyForDeploymentPostprocessing = 0;
		};
/* End PBXResourcesBuildPhase section */

/* Begin PBXSourcesBuildPhase section */
		864ED24325CF04A20099FFF7 /* Sources */ = {
			isa = PBXSourcesBuildPhase;
			buildActionMask = 2147483647;
			files = (
				864ED24F25CF04A20099FFF7 /* MainViewController.swift in Sources */,
				864ED26325CF1D170099FFF7 /* ColorSamples.swift in Sources */,
				864ED24B25CF04A20099FFF7 /* AppDelegate.swift in Sources */,
				864ED24D25CF04A20099FFF7 /* SceneDelegate.swift in Sources */,
				86F5426325D1E169001B9AAB /* TryNumberViewController.swift in Sources */,
				86F5426625D1E585001B9AAB /* ResultViewController.swift in Sources */,
			);
			runOnlyForDeploymentPostprocessing = 0;
		};
/* End PBXSourcesBuildPhase section */

/* Begin PBXVariantGroup section */
		864ED25025CF04A20099FFF7 /* Main.storyboard */ = {
			isa = PBXVariantGroup;
			children = (
				864ED25125CF04A20099FFF7 /* Base */,
			);
			name = Main.storyboard;
			sourceTree = "<group>";
		};
		864ED25525CF04A30099FFF7 /* LaunchScreen.storyboard */ = {
			isa = PBXVariantGroup;
			children = (
				864ED25625CF04A30099FFF7 /* Base */,
			);
			name = LaunchScreen.storyboard;
			sourceTree = "<group>";
		};
/* End PBXVariantGroup section */

/* Begin XCBuildConfiguration section */
		864ED25925CF04A30099FFF7 /* Debug */ = {
			isa = XCBuildConfiguration;
			buildSettings = {
				ALWAYS_SEARCH_USER_PATHS = NO;
				CLANG_ANALYZER_NONNULL = YES;
				CLANG_ANALYZER_NUMBER_OBJECT_CONVERSION = YES_AGGRESSIVE;
				CLANG_CXX_LANGUAGE_STANDARD = "gnu++14";
				CLANG_CXX_LIBRARY = "libc++";
				CLANG_ENABLE_MODULES = YES;
				CLANG_ENABLE_OBJC_ARC = YES;
				CLANG_ENABLE_OBJC_WEAK = YES;
				CLANG_WARN_BLOCK_CAPTURE_AUTORELEASING = YES;
				CLANG_WARN_BOOL_CONVERSION = YES;
				CLANG_WARN_COMMA = YES;
				CLANG_WARN_CONSTANT_CONVERSION = YES;
				CLANG_WARN_DEPRECATED_OBJC_IMPLEMENTATIONS = YES;
				CLANG_WARN_DIRECT_OBJC_ISA_USAGE = YES_ERROR;
				CLANG_WARN_DOCUMENTATION_COMMENTS = YES;
				CLANG_WARN_EMPTY_BODY = YES;
				CLANG_WARN_ENUM_CONVERSION = YES;
				CLANG_WARN_INFINITE_RECURSION = YES;
				CLANG_WARN_INT_CONVERSION = YES;
				CLANG_WARN_NON_LITERAL_NULL_CONVERSION = YES;
				CLANG_WARN_OBJC_IMPLICIT_RETAIN_SELF = YES;
				CLANG_WARN_OBJC_LITERAL_CONVERSION = YES;
				CLANG_WARN_OBJC_ROOT_CLASS = YES_ERROR;
				CLANG_WARN_QUOTED_INCLUDE_IN_FRAMEWORK_HEADER = YES;
				CLANG_WARN_RANGE_LOOP_ANALYSIS = YES;
				CLANG_WARN_STRICT_PROTOTYPES = YES;
				CLANG_WARN_SUSPICIOUS_MOVE = YES;
				CLANG_WARN_UNGUARDED_AVAILABILITY = YES_AGGRESSIVE;
				CLANG_WARN_UNREACHABLE_CODE = YES;
				CLANG_WARN__DUPLICATE_METHOD_MATCH = YES;
				COPY_PHASE_STRIP = NO;
				DEBUG_INFORMATION_FORMAT = dwarf;
				ENABLE_STRICT_OBJC_MSGSEND = YES;
				ENABLE_TESTABILITY = YES;
				GCC_C_LANGUAGE_STANDARD = gnu11;
				GCC_DYNAMIC_NO_PIC = NO;
				GCC_NO_COMMON_BLOCKS = YES;
				GCC_OPTIMIZATION_LEVEL = 0;
				GCC_PREPROCESSOR_DEFINITIONS = (
					"DEBUG=1",
					"$(inherited)",
				);
				GCC_WARN_64_TO_32_BIT_CONVERSION = YES;
				GCC_WARN_ABOUT_RETURN_TYPE = YES_ERROR;
				GCC_WARN_UNDECLARED_SELECTOR = YES;
				GCC_WARN_UNINITIALIZED_AUTOS = YES_AGGRESSIVE;
				GCC_WARN_UNUSED_FUNCTION = YES;
				GCC_WARN_UNUSED_VARIABLE = YES;
				IPHONEOS_DEPLOYMENT_TARGET = 14.1;
				MTL_ENABLE_DEBUG_INFO = INCLUDE_SOURCE;
				MTL_FAST_MATH = YES;
				ONLY_ACTIVE_ARCH = YES;
				SDKROOT = iphoneos;
				SWIFT_ACTIVE_COMPILATION_CONDITIONS = DEBUG;
				SWIFT_OPTIMIZATION_LEVEL = "-Onone";
			};
			name = Debug;
		};
		864ED25A25CF04A30099FFF7 /* Release */ = {
			isa = XCBuildConfiguration;
			buildSettings = {
				ALWAYS_SEARCH_USER_PATHS = NO;
				CLANG_ANALYZER_NONNULL = YES;
				CLANG_ANALYZER_NUMBER_OBJECT_CONVERSION = YES_AGGRESSIVE;
				CLANG_CXX_LANGUAGE_STANDARD = "gnu++14";
				CLANG_CXX_LIBRARY = "libc++";
				CLANG_ENABLE_MODULES = YES;
				CLANG_ENABLE_OBJC_ARC = YES;
				CLANG_ENABLE_OBJC_WEAK = YES;
				CLANG_WARN_BLOCK_CAPTURE_AUTORELEASING = YES;
				CLANG_WARN_BOOL_CONVERSION = YES;
				CLANG_WARN_COMMA = YES;
				CLANG_WARN_CONSTANT_CONVERSION = YES;
				CLANG_WARN_DEPRECATED_OBJC_IMPLEMENTATIONS = YES;
				CLANG_WARN_DIRECT_OBJC_ISA_USAGE = YES_ERROR;
				CLANG_WARN_DOCUMENTATION_COMMENTS = YES;
				CLANG_WARN_EMPTY_BODY = YES;
				CLANG_WARN_ENUM_CONVERSION = YES;
				CLANG_WARN_INFINITE_RECURSION = YES;
				CLANG_WARN_INT_CONVERSION = YES;
				CLANG_WARN_NON_LITERAL_NULL_CONVERSION = YES;
				CLANG_WARN_OBJC_IMPLICIT_RETAIN_SELF = YES;
				CLANG_WARN_OBJC_LITERAL_CONVERSION = YES;
				CLANG_WARN_OBJC_ROOT_CLASS = YES_ERROR;
				CLANG_WARN_QUOTED_INCLUDE_IN_FRAMEWORK_HEADER = YES;
				CLANG_WARN_RANGE_LOOP_ANALYSIS = YES;
				CLANG_WARN_STRICT_PROTOTYPES = YES;
				CLANG_WARN_SUSPICIOUS_MOVE = YES;
				CLANG_WARN_UNGUARDED_AVAILABILITY = YES_AGGRESSIVE;
				CLANG_WARN_UNREACHABLE_CODE = YES;
				CLANG_WARN__DUPLICATE_METHOD_MATCH = YES;
				COPY_PHASE_STRIP = NO;
				DEBUG_INFORMATION_FORMAT = "dwarf-with-dsym";
				ENABLE_NS_ASSERTIONS = NO;
				ENABLE_STRICT_OBJC_MSGSEND = YES;
				GCC_C_LANGUAGE_STANDARD = gnu11;
				GCC_NO_COMMON_BLOCKS = YES;
				GCC_WARN_64_TO_32_BIT_CONVERSION = YES;
				GCC_WARN_ABOUT_RETURN_TYPE = YES_ERROR;
				GCC_WARN_UNDECLARED_SELECTOR = YES;
				GCC_WARN_UNINITIALIZED_AUTOS = YES_AGGRESSIVE;
				GCC_WARN_UNUSED_FUNCTION = YES;
				GCC_WARN_UNUSED_VARIABLE = YES;
				IPHONEOS_DEPLOYMENT_TARGET = 14.1;
				MTL_ENABLE_DEBUG_INFO = NO;
				MTL_FAST_MATH = YES;
				SDKROOT = iphoneos;
				SWIFT_COMPILATION_MODE = wholemodule;
				SWIFT_OPTIMIZATION_LEVEL = "-O";
				VALIDATE_PRODUCT = YES;
			};
			name = Release;
		};
		864ED25C25CF04A30099FFF7 /* Debug */ = {
			isa = XCBuildConfiguration;
			buildSettings = {
				ASSETCATALOG_COMPILER_APPICON_NAME = AppIcon;
				ASSETCATALOG_COMPILER_GLOBAL_ACCENT_COLOR_NAME = AccentColor;
				CODE_SIGN_STYLE = Automatic;
				DEVELOPMENT_TEAM = 8QPP5ACHRR;
				INFOPLIST_FILE = GTNCodeOnly/Info.plist;
				LD_RUNPATH_SEARCH_PATHS = (
					"$(inherited)",
					"@executable_path/Frameworks",
				);
				PRODUCT_BUNDLE_IDENTIFIER = Teste.GTNCodeOnly;
				PRODUCT_NAME = "$(TARGET_NAME)";
				SWIFT_VERSION = 5.0;
				TARGETED_DEVICE_FAMILY = "1,2";
			};
			name = Debug;
		};
		864ED25D25CF04A30099FFF7 /* Release */ = {
			isa = XCBuildConfiguration;
			buildSettings = {
				ASSETCATALOG_COMPILER_APPICON_NAME = AppIcon;
				ASSETCATALOG_COMPILER_GLOBAL_ACCENT_COLOR_NAME = AccentColor;
				CODE_SIGN_STYLE = Automatic;
				DEVELOPMENT_TEAM = 8QPP5ACHRR;
				INFOPLIST_FILE = GTNCodeOnly/Info.plist;
				LD_RUNPATH_SEARCH_PATHS = (
					"$(inherited)",
					"@executable_path/Frameworks",
				);
				PRODUCT_BUNDLE_IDENTIFIER = Teste.GTNCodeOnly;
				PRODUCT_NAME = "$(TARGET_NAME)";
				SWIFT_VERSION = 5.0;
				TARGETED_DEVICE_FAMILY = "1,2";
			};
			name = Release;
		};
/* End XCBuildConfiguration section */

/* Begin XCConfigurationList section */
		864ED24225CF04A20099FFF7 /* Build configuration list for PBXProject "GTNCodeOnly" */ = {
			isa = XCConfigurationList;
			buildConfigurations = (
				864ED25925CF04A30099FFF7 /* Debug */,
				864ED25A25CF04A30099FFF7 /* Release */,
			);
			defaultConfigurationIsVisible = 0;
			defaultConfigurationName = Release;
		};
		864ED25B25CF04A30099FFF7 /* Build configuration list for PBXNativeTarget "GTNCodeOnly" */ = {
			isa = XCConfigurationList;
			buildConfigurations = (
				864ED25C25CF04A30099FFF7 /* Debug */,
				864ED25D25CF04A30099FFF7 /* Release */,
			);
			defaultConfigurationIsVisible = 0;
			defaultConfigurationName = Release;
		};
/* End XCConfigurationList section */
	};
	rootObject = 864ED23F25CF04A20099FFF7 /* Project object */;
}
